schema: '2.0'
stages:
  load_data:
    cmd: python src/stage2_load_data.py --config=params.yaml
    deps:
    - path: data_given/Consignment_pricing_raw.csv
      md5: 67b8c19205af53e155c5cbf2a1db5f8f
      size: 3796229
    - path: src/stage1_Get_Data.py
      md5: 0783375519cfabb441a0c668cc7651e2
      size: 2006
    - path: src/stage2_Load_Data.py
      md5: 9034d4a50bc345ab4f4a0859cf0d2433
      size: 1403
    outs:
    - path: data/raw/Consignment_pricing_raw.csv
      md5: fa00f21b7e9c8ea082e583f595566888
      size: 3804449
  preprocessing:
    cmd: python src/stage3_preprocessing.py --config=params.yaml
    deps:
    - path: data/raw/Consignment_pricing_raw.csv
      md5: fa00f21b7e9c8ea082e583f595566888
      size: 3804449
    - path: src/stage3_preprocessing.py
      md5: c109dc45044c5214fe9089e83b8b94c4
      size: 7821
    outs:
    - path: data/processed/Consignment_pricing_processed.csv
      md5: 56c2c68debc2665f29c0f0ee59f27b48
      size: 1352324
  feature_engineering:
    cmd: python src/stage4_feature_engineering.py --config=params.yaml
    deps:
    - path: data/processed/Consignment_pricing_processed.csv
      md5: 56c2c68debc2665f29c0f0ee59f27b48
      size: 1352324
    - path: src/stage4_feature_engineering.py
      md5: c62b8115bdb5570c477b6a7307bd8d4e
      size: 6744
    outs:
    - path: data/transformed_data/Consignment_pricing_transformed.csv
      md5: cc5384e42a51bdd8a8022a0111389334
      size: 642703
  split_data:
    cmd: python src/stage5_split_data.py --config=params.yaml
    deps:
    - path: data/transformed_data/Consignment_pricing_transformed.csv
      md5: cc5384e42a51bdd8a8022a0111389334
      size: 642703
    - path: src/stage5_split_data.py
      md5: 8a339eeb3ee4c1cf068d481cc77d7726
      size: 2364
    outs:
    - path: data/split_data/Consignment_pricing_test.csv
      md5: 7f3456bbc03ed1377dca105ea251398f
      size: 119384
    - path: data/split_data/Consignment_pricing_train.csv
      md5: 8f779208514bc715ce587e3a849d98f3
      size: 475987
  train_model:
    cmd: python src/stage6_train_evaluate.py --config=params.yaml
    deps:
    - path: data/split_data/Consignment_pricing_test.csv
      md5: 7f3456bbc03ed1377dca105ea251398f
      size: 119384
    - path: data/split_data/Consignment_pricing_train.csv
      md5: 8f779208514bc715ce587e3a849d98f3
      size: 475987
    - path: src/stage6_train_evaluate.py
      md5: 7b4ab4974052fb6f501f1e66a22d1e0e
      size: 9553
    params:
      params.yaml:
        estimators.RandomForestRegressor.params.criterion: mae
        estimators.RandomForestRegressor.params.max_deapth: 10
        estimators.RandomForestRegressor.params.min_sample_leaf: 2
        estimators.RandomForestRegressor.params.n_estimators: 80
        estimators.RandomForestRegressor.params.oob_score: true
  log_production_model:
    cmd: python src/log_production_model.py --config=params.yaml
    deps:
    - path: src/log_production_model.py
      md5: 26f3a9e850667797f5ea93d5be944099
      size: 411
